
Microsoft Visual Studio Solution File, Format Version 12.00
# Visual Studio Version 16
VisualStudioVersion = 16.0.30611.23
MinimumVisualStudioVersion = 10.0.40219.1
Project("{FAE04EC0-301F-11D3-BF4B-00C04F79EFBC}") = "DumpGitApp", "DumpGitApp\DumpGitApp.csproj", "{D01E502E-4740-43B6-8B7A-F1EEF2EC4953}"
EndProject
Global
	GlobalSection(SolutionConfigurationPlatforms) = preSolution
		Debug|Any CPU = Debug|Any CPU
		Release|Any CPU = Release|Any CPU
	EndGlobalSection
	GlobalSection(ProjectConfigurationPlatforms) = postSolution
		{D01E502E-4740-43B6-8B7A-F1EEF2EC4953}.Debug|Any CPU.ActiveCfg = Debug|Any CPU
		{D01E502E-4740-43B6-8B7A-F1EEF2EC4953}.Debug|Any CPU.Build.0 = Debug|Any CPU
		{D01E502E-4740-43B6-8B7A-F1EEF2EC4953}.Release|Any CPU.ActiveCfg = Release|Any CPU
		{D01E502E-4740-43B6-8B7A-F1EEF2EC4953}.Release|Any CPU.Build.0 = Release|Any CPU
	EndGlobalSection
	GlobalSection(SolutionProperties) = preSolution
		HideSolutionNode = FALSE
	EndGlobalSection
	GlobalSection(ExtensibilityGlobals) = postSolution
		SolutionGuid = {DD9B199E-0FE2-4447-B6FE-79D467A77C1C}
	EndGlobalSection
EndGlobal
